PODS:
  - Flutter (1.0.0)
  - flutter_secure_storage (3.3.1):
    - Flutter
  - image_picker_ios (0.0.1):
    - Flutter
  - path_provider_foundation (0.0.1):
    - Flutter
    - FlutterMacOS
  - share_plus (0.0.1):
    - Flutter
  - sqlite3 (3.40.0):
    - sqlite3/common (= 3.40.0)
  - sqlite3/common (3.40.0)
  - sqlite3/fts5 (3.40.0):
    - sqlite3/common
  - sqlite3/perf-threadsafe (3.40.0):
    - sqlite3/common
  - sqlite3/rtree (3.40.0):
    - sqlite3/common
  - sqlite3_flutter_libs (0.0.1):
    - Flutter
    - sqlite3 (~> 3.40.0)
    - sqlite3/fts5
    - sqlite3/perf-threadsafe
    - sqlite3/rtree
  - url_launcher_ios (0.0.1):
    - Flutter

DEPENDENCIES:
  - Flutter (from `Flutter`)
  - flutter_secure_storage (from `.symlinks/plugins/flutter_secure_storage/ios`)
  - image_picker_ios (from `.symlinks/plugins/image_picker_ios/ios`)
  - path_provider_foundation (from `.symlinks/plugins/path_provider_foundation/ios`)
  - share_plus (from `.symlinks/plugins/share_plus/ios`)
  - sqlite3_flutter_libs (from `.symlinks/plugins/sqlite3_flutter_libs/ios`)
  - url_launcher_ios (from `.symlinks/plugins/url_launcher_ios/ios`)

SPEC REPOS:
  trunk:
    - sqlite3

EXTERNAL SOURCES:
  Flutter:
    :path: Flutter
  flutter_secure_storage:
    :path: ".symlinks/plugins/flutter_secure_storage/ios"
  image_picker_ios:
    :path: ".symlinks/plugins/image_picker_ios/ios"
  path_provider_foundation:
    :path: ".symlinks/plugins/path_provider_foundation/ios"
  share_plus:
    :path: ".symlinks/plugins/share_plus/ios"
  sqlite3_flutter_libs:
    :path: ".symlinks/plugins/sqlite3_flutter_libs/ios"
  url_launcher_ios:
    :path: ".symlinks/plugins/url_launcher_ios/ios"

SPEC CHECKSUMS:
  Flutter: 50d75fe2f02b26cc09d224853bb45737f8b3214a
  flutter_secure_storage: 7953c38a04c3fdbb00571bcd87d8e3b5ceb9daec
  image_picker_ios: b786a5dcf033a8336a657191401bfdf12017dabb
  path_provider_foundation: 37748e03f12783f9de2cb2c4eadfaa25fe6d4852
  share_plus: 056a1e8ac890df3e33cb503afffaf1e9b4fbae68
  sqlite3: 88dd99ef4ac3945f5a15facdd752933c52fd93bf
  sqlite3_flutter_libs: c00751e981228acb63595236703da79d31282b63
  url_launcher_ios: 839c58cdb4279282219f5e248c3321761ff3c4de

PODFILE CHECKSUM: aafe91acc616949ddb318b77800a7f51bffa2a4c

COCOAPODS: 1.11.3
